
Microsoft Visual Studio Solution File, Format Version 12.00
# Visual Studio Version 17
VisualStudioVersion = 17.10.35027.167
MinimumVisualStudioVersion = 10.0.40219.1
Project("{FAE04EC0-301F-11D3-BF4B-00C04F79EFBC}") = "MauiAppShowdoGrandeMilho", "MauiAppShowdoGrandeMilho\MauiAppShowdoGrandeMilho.csproj", "{EFA46A23-6EE2-4FB2-9359-040F16FFD256}"
EndProject
Global
	GlobalSection(SolutionConfigurationPlatforms) = preSolution
		Debug|Any CPU = Debug|Any CPU
		Release|Any CPU = Release|Any CPU
	EndGlobalSection
	GlobalSection(ProjectConfigurationPlatforms) = postSolution
		{EFA46A23-6EE2-4FB2-9359-040F16FFD256}.Debug|Any CPU.ActiveCfg = Debug|Any CPU
		{EFA46A23-6EE2-4FB2-9359-040F16FFD256}.Debug|Any CPU.Build.0 = Debug|Any CPU
		{EFA46A23-6EE2-4FB2-9359-040F16FFD256}.Debug|Any CPU.Deploy.0 = Debug|Any CPU
		{EFA46A23-6EE2-4FB2-9359-040F16FFD256}.Release|Any CPU.ActiveCfg = Release|Any CPU
		{EFA46A23-6EE2-4FB2-9359-040F16FFD256}.Release|Any CPU.Build.0 = Release|Any CPU
		{EFA46A23-6EE2-4FB2-9359-040F16FFD256}.Release|Any CPU.Deploy.0 = Release|Any CPU
	EndGlobalSection
	GlobalSection(SolutionProperties) = preSolution
		HideSolutionNode = FALSE
	EndGlobalSection
	GlobalSection(ExtensibilityGlobals) = postSolution
		SolutionGuid = {FFA79597-77DD-4EA6-B40A-6467474304D2}
	EndGlobalSection
EndGlobal
